// !$*UTF8*$!
{
	archiveVersion = 1;
	classes = {
	};
	objectVersion = 50;
	objects = {

/* Begin PBXBuildFile section */
		95CB4E9D23539D5E00A0D815 /* AppDelegate.swift in Sources */ = {isa = PBXBuildFile; fileRef = 95CB4E9C23539D5E00A0D815 /* AppDelegate.swift */; };
		95CB4E9F23539D5E00A0D815 /* SceneDelegate.swift in Sources */ = {isa = PBXBuildFile; fileRef = 95CB4E9E23539D5E00A0D815 /* SceneDelegate.swift */; };
		95CB4EA123539D5E00A0D815 /* ContentView.swift in Sources */ = {isa = PBXBuildFile; fileRef = 95CB4EA023539D5E00A0D815 /* ContentView.swift */; };
		95CB4EA323539D6000A0D815 /* Assets.xcassets in Resources */ = {isa = PBXBuildFile; fileRef = 95CB4EA223539D6000A0D815 /* Assets.xcassets */; };
		95CB4EA623539D6000A0D815 /* Preview Assets.xcassets in Resources */ = {isa = PBXBuildFile; fileRef = 95CB4EA523539D6000A0D815 /* Preview Assets.xcassets */; };
		95CB4EA923539D6000A0D815 /* LaunchScreen.storyboard in Resources */ = {isa = PBXBuildFile; fileRef = 95CB4EA723539D6000A0D815 /* LaunchScreen.storyboard */; };
		95CB4EB423539D6000A0D815 /* GuessTheFlagTests.swift in Sources */ = {isa = PBXBuildFile; fileRef = 95CB4EB323539D6000A0D815 /* GuessTheFlagTests.swift */; };
		95CB4EBF23539D6000A0D815 /* GuessTheFlagUITests.swift in Sources */ = {isa = PBXBuildFile; fileRef = 95CB4EBE23539D6000A0D815 /* GuessTheFlagUITests.swift */; };
/* End PBXBuildFile section */

/* Begin PBXContainerItemProxy section */
		95CB4EB023539D6000A0D815 /* PBXContainerItemProxy */ = {
			isa = PBXContainerItemProxy;
			containerPortal = 95CB4E9123539D5E00A0D815 /* Project object */;
			proxyType = 1;
			remoteGlobalIDString = 95CB4E9823539D5E00A0D815;
			remoteInfo = GuessTheFlag;
		};
		95CB4EBB23539D6000A0D815 /* PBXContainerItemProxy */ = {
			isa = PBXContainerItemProxy;
			containerPortal = 95CB4E9123539D5E00A0D815 /* Project object */;
			proxyType = 1;
			remoteGlobalIDString = 95CB4E9823539D5E00A0D815;
			remoteInfo = GuessTheFlag;
		};
/* End PBXContainerItemProxy section */

/* Begin PBXFileReference section */
		95CB4E9923539D5E00A0D815 /* GuessTheFlag.app */ = {isa = PBXFileReference; explicitFileType = wrapper.application; includeInIndex = 0; path = GuessTheFlag.app; sourceTree = BUILT_PRODUCTS_DIR; };
		95CB4E9C23539D5E00A0D815 /* AppDelegate.swift */ = {isa = PBXFileReference; lastKnownFileType = sourcecode.swift; path = AppDelegate.swift; sourceTree = "<group>"; };
		95CB4E9E23539D5E00A0D815 /* SceneDelegate.swift */ = {isa = PBXFileReference; lastKnownFileType = sourcecode.swift; path = SceneDelegate.swift; sourceTree = "<group>"; };
		95CB4EA023539D5E00A0D815 /* ContentView.swift */ = {isa = PBXFileReference; lastKnownFileType = sourcecode.swift; path = ContentView.swift; sourceTree = "<group>"; };
		95CB4EA223539D6000A0D815 /* Assets.xcassets */ = {isa = PBXFileReference; lastKnownFileType = folder.assetcatalog; path = Assets.xcassets; sourceTree = "<group>"; };
		95CB4EA523539D6000A0D815 /* Preview Assets.xcassets */ = {isa = PBXFileReference; lastKnownFileType = folder.assetcatalog; path = "Preview Assets.xcassets"; sourceTree = "<group>"; };
		95CB4EA823539D6000A0D815 /* Base */ = {isa = PBXFileReference; lastKnownFileType = file.storyboard; name = Base; path = Base.lproj/LaunchScreen.storyboard; sourceTree = "<group>"; };
		95CB4EAA23539D6000A0D815 /* Info.plist */ = {isa = PBXFileReference; lastKnownFileType = text.plist.xml; path = Info.plist; sourceTree = "<group>"; };
		95CB4EAF23539D6000A0D815 /* GuessTheFlagTests.xctest */ = {isa = PBXFileReference; explicitFileType = wrapper.cfbundle; includeInIndex = 0; path = GuessTheFlagTests.xctest; sourceTree = BUILT_PRODUCTS_DIR; };
		95CB4EB323539D6000A0D815 /* GuessTheFlagTests.swift */ = {isa = PBXFileReference; lastKnownFileType = sourcecode.swift; path = GuessTheFlagTests.swift; sourceTree = "<group>"; };
		95CB4EB523539D6000A0D815 /* Info.plist */ = {isa = PBXFileReference; lastKnownFileType = text.plist.xml; path = Info.plist; sourceTree = "<group>"; };
		95CB4EBA23539D6000A0D815 /* GuessTheFlagUITests.xctest */ = {isa = PBXFileReference; explicitFileType = wrapper.cfbundle; includeInIndex = 0; path = GuessTheFlagUITests.xctest; sourceTree = BUILT_PRODUCTS_DIR; };
		95CB4EBE23539D6000A0D815 /* GuessTheFlagUITests.swift */ = {isa = PBXFileReference; lastKnownFileType = sourcecode.swift; path = GuessTheFlagUITests.swift; sourceTree = "<group>"; };
		95CB4EC023539D6000A0D815 /* Info.plist */ = {isa = PBXFileReference; lastKnownFileType = text.plist.xml; path = Info.plist; sourceTree = "<group>"; };
/* End PBXFileReference section */

/* Begin PBXFrameworksBuildPhase section */
		95CB4E9623539D5E00A0D815 /* Frameworks */ = {
			isa = PBXFrameworksBuildPhase;
			buildActionMask = 2147483647;
			files = (
			);
			runOnlyForDeploymentPostprocessing = 0;
		};
		95CB4EAC23539D6000A0D815 /* Frameworks */ = {
			isa = PBXFrameworksBuildPhase;
			buildActionMask = 2147483647;
			files = (
			);
			runOnlyForDeploymentPostprocessing = 0;
		};
		95CB4EB723539D6000A0D815 /* Frameworks */ = {
			isa = PBXFrameworksBuildPhase;
			buildActionMask = 2147483647;
			files = (
			);
			runOnlyForDeploymentPostprocessing = 0;
		};
/* End PBXFrameworksBuildPhase section */

/* Begin PBXGroup section */
		95CB4E9023539D5E00A0D815 = {
			isa = PBXGroup;
			children = (
				95CB4E9B23539D5E00A0D815 /* GuessTheFlag */,
				95CB4EB223539D6000A0D815 /* GuessTheFlagTests */,
				95CB4EBD23539D6000A0D815 /* GuessTheFlagUITests */,
				95CB4E9A23539D5E00A0D815 /* Products */,
			);
			sourceTree = "<group>";
		};
		95CB4E9A23539D5E00A0D815 /* Products */ = {
			isa = PBXGroup;
			children = (
				95CB4E9923539D5E00A0D815 /* GuessTheFlag.app */,
				95CB4EAF23539D6000A0D815 /* GuessTheFlagTests.xctest */,
				95CB4EBA23539D6000A0D815 /* GuessTheFlagUITests.xctest */,
			);
			name = Products;
			sourceTree = "<group>";
		};
		95CB4E9B23539D5E00A0D815 /* GuessTheFlag */ = {
			isa = PBXGroup;
			children = (
				95CB4E9C23539D5E00A0D815 /* AppDelegate.swift */,
				95CB4E9E23539D5E00A0D815 /* SceneDelegate.swift */,
				95CB4EA023539D5E00A0D815 /* ContentView.swift */,
				95CB4EA223539D6000A0D815 /* Assets.xcassets */,
				95CB4EA723539D6000A0D815 /* LaunchScreen.storyboard */,
				95CB4EAA23539D6000A0D815 /* Info.plist */,
				95CB4EA423539D6000A0D815 /* Preview Content */,
			);
			path = GuessTheFlag;
			sourceTree = "<group>";
		};
		95CB4EA423539D6000A0D815 /* Preview Content */ = {
			isa = PBXGroup;
			children = (
				95CB4EA523539D6000A0D815 /* Preview Assets.xcassets */,
			);
			path = "Preview Content";
			sourceTree = "<group>";
		};
		95CB4EB223539D6000A0D815 /* GuessTheFlagTests */ = {
			isa = PBXGroup;
			children = (
				95CB4EB323539D6000A0D815 /* GuessTheFlagTests.swift */,
				95CB4EB523539D6000A0D815 /* Info.plist */,
			);
			path = GuessTheFlagTests;
			sourceTree = "<group>";
		};
		95CB4EBD23539D6000A0D815 /* GuessTheFlagUITests */ = {
			isa = PBXGroup;
			children = (
				95CB4EBE23539D6000A0D815 /* GuessTheFlagUITests.swift */,
				95CB4EC023539D6000A0D815 /* Info.plist */,
			);
			path = GuessTheFlagUITests;
			sourceTree = "<group>";
		};
/* End PBXGroup section */

/* Begin PBXNativeTarget section */
		95CB4E9823539D5E00A0D815 /* GuessTheFlag */ = {
			isa = PBXNativeTarget;
			buildConfigurationList = 95CB4EC323539D6000A0D815 /* Build configuration list for PBXNativeTarget "GuessTheFlag" */;
			buildPhases = (
				95CB4E9523539D5E00A0D815 /* Sources */,
				95CB4E9623539D5E00A0D815 /* Frameworks */,
				95CB4E9723539D5E00A0D815 /* Resources */,
			);
			buildRules = (
			);
			dependencies = (
			);
			name = GuessTheFlag;
			productName = GuessTheFlag;
			productReference = 95CB4E9923539D5E00A0D815 /* GuessTheFlag.app */;
			productType = "com.apple.product-type.application";
		};
		95CB4EAE23539D6000A0D815 /* GuessTheFlagTests */ = {
			isa = PBXNativeTarget;
			buildConfigurationList = 95CB4EC623539D6000A0D815 /* Build configuration list for PBXNativeTarget "GuessTheFlagTests" */;
			buildPhases = (
				95CB4EAB23539D6000A0D815 /* Sources */,
				95CB4EAC23539D6000A0D815 /* Frameworks */,
				95CB4EAD23539D6000A0D815 /* Resources */,
			);
			buildRules = (
			);
			dependencies = (
				95CB4EB123539D6000A0D815 /* PBXTargetDependency */,
			);
			name = GuessTheFlagTests;
			productName = GuessTheFlagTests;
			productReference = 95CB4EAF23539D6000A0D815 /* GuessTheFlagTests.xctest */;
			productType = "com.apple.product-type.bundle.unit-test";
		};
		95CB4EB923539D6000A0D815 /* GuessTheFlagUITests */ = {
			isa = PBXNativeTarget;
			buildConfigurationList = 95CB4EC923539D6000A0D815 /* Build configuration list for PBXNativeTarget "GuessTheFlagUITests" */;
			buildPhases = (
				95CB4EB623539D6000A0D815 /* Sources */,
				95CB4EB723539D6000A0D815 /* Frameworks */,
				95CB4EB823539D6000A0D815 /* Resources */,
			);
			buildRules = (
			);
			dependencies = (
				95CB4EBC23539D6000A0D815 /* PBXTargetDependency */,
			);
			name = GuessTheFlagUITests;
			productName = GuessTheFlagUITests;
			productReference = 95CB4EBA23539D6000A0D815 /* GuessTheFlagUITests.xctest */;
			productType = "com.apple.product-type.bundle.ui-testing";
		};
/* End PBXNativeTarget section */

/* Begin PBXProject section */
		95CB4E9123539D5E00A0D815 /* Project object */ = {
			isa = PBXProject;
			attributes = {
				LastSwiftUpdateCheck = 1100;
				LastUpgradeCheck = 1100;
				ORGANIZATIONNAME = "Dennis Dang";
				TargetAttributes = {
					95CB4E9823539D5E00A0D815 = {
						CreatedOnToolsVersion = 11.0;
					};
					95CB4EAE23539D6000A0D815 = {
						CreatedOnToolsVersion = 11.0;
						TestTargetID = 95CB4E9823539D5E00A0D815;
					};
					95CB4EB923539D6000A0D815 = {
						CreatedOnToolsVersion = 11.0;
						TestTargetID = 95CB4E9823539D5E00A0D815;
					};
				};
			};
			buildConfigurationList = 95CB4E9423539D5E00A0D815 /* Build configuration list for PBXProject "GuessTheFlag" */;
			compatibilityVersion = "Xcode 9.3";
			developmentRegion = en;
			hasScannedForEncodings = 0;
			knownRegions = (
				en,
				Base,
			);
			mainGroup = 95CB4E9023539D5E00A0D815;
			productRefGroup = 95CB4E9A23539D5E00A0D815 /* Products */;
			projectDirPath = "";
			projectRoot = "";
			targets = (
				95CB4E9823539D5E00A0D815 /* GuessTheFlag */,
				95CB4EAE23539D6000A0D815 /* GuessTheFlagTests */,
				95CB4EB923539D6000A0D815 /* GuessTheFlagUITests */,
			);
		};
/* End PBXProject section */

/* Begin PBXResourcesBuildPhase section */
		95CB4E9723539D5E00A0D815 /* Resources */ = {
			isa = PBXResourcesBuildPhase;
			buildActionMask = 2147483647;
			files = (
				95CB4EA923539D6000A0D815 /* LaunchScreen.storyboard in Resources */,
				95CB4EA623539D6000A0D815 /* Preview Assets.xcassets in Resources */,
				95CB4EA323539D6000A0D815 /* Assets.xcassets in Resources */,
			);
			runOnlyForDeploymentPostprocessing = 0;
		};
		95CB4EAD23539D6000A0D815 /* Resources */ = {
			isa = PBXResourcesBuildPhase;
			buildActionMask = 2147483647;
			files = (
			);
			runOnlyForDeploymentPostprocessing = 0;
		};
		95CB4EB823539D6000A0D815 /* Resources */ = {
			isa = PBXResourcesBuildPhase;
			buildActionMask = 2147483647;
			files = (
			);
			runOnlyForDeploymentPostprocessing = 0;
		};
/* End PBXResourcesBuildPhase section */

/* Begin PBXSourcesBuildPhase section */
		95CB4E9523539D5E00A0D815 /* Sources */ = {
			isa = PBXSourcesBuildPhase;
			buildActionMask = 2147483647;
			files = (
				95CB4E9D23539D5E00A0D815 /* AppDelegate.swift in Sources */,
				95CB4E9F23539D5E00A0D815 /* SceneDelegate.swift in Sources */,
				95CB4EA123539D5E00A0D815 /* ContentView.swift in Sources */,
			);
			runOnlyForDeploymentPostprocessing = 0;
		};
		95CB4EAB23539D6000A0D815 /* Sources */ = {
			isa = PBXSourcesBuildPhase;
			buildActionMask = 2147483647;
			files = (
				95CB4EB423539D6000A0D815 /* GuessTheFlagTests.swift in Sources */,
			);
			runOnlyForDeploymentPostprocessing = 0;
		};
		95CB4EB623539D6000A0D815 /* Sources */ = {
			isa = PBXSourcesBuildPhase;
			buildActionMask = 2147483647;
			files = (
				95CB4EBF23539D6000A0D815 /* GuessTheFlagUITests.swift in Sources */,
			);
			runOnlyForDeploymentPostprocessing = 0;
		};
/* End PBXSourcesBuildPhase section */

/* Begin PBXTargetDependency section */
		95CB4EB123539D6000A0D815 /* PBXTargetDependency */ = {
			isa = PBXTargetDependency;
			target = 95CB4E9823539D5E00A0D815 /* GuessTheFlag */;
			targetProxy = 95CB4EB023539D6000A0D815 /* PBXContainerItemProxy */;
		};
		95CB4EBC23539D6000A0D815 /* PBXTargetDependency */ = {
			isa = PBXTargetDependency;
			target = 95CB4E9823539D5E00A0D815 /* GuessTheFlag */;
			targetProxy = 95CB4EBB23539D6000A0D815 /* PBXContainerItemProxy */;
		};
/* End PBXTargetDependency section */

/* Begin PBXVariantGroup section */
		95CB4EA723539D6000A0D815 /* LaunchScreen.storyboard */ = {
			isa = PBXVariantGroup;
			children = (
				95CB4EA823539D6000A0D815 /* Base */,
			);
			name = LaunchScreen.storyboard;
			sourceTree = "<group>";
		};
/* End PBXVariantGroup section */

/* Begin XCBuildConfiguration section */
		95CB4EC123539D6000A0D815 /* Debug */ = {
			isa = XCBuildConfiguration;
			buildSettings = {
				ALWAYS_SEARCH_USER_PATHS = NO;
				CLANG_ANALYZER_NONNULL = YES;
				CLANG_ANALYZER_NUMBER_OBJECT_CONVERSION = YES_AGGRESSIVE;
				CLANG_CXX_LANGUAGE_STANDARD = "gnu++14";
				CLANG_CXX_LIBRARY = "libc++";
				CLANG_ENABLE_MODULES = YES;
				CLANG_ENABLE_OBJC_ARC = YES;
				CLANG_ENABLE_OBJC_WEAK = YES;
				CLANG_WARN_BLOCK_CAPTURE_AUTORELEASING = YES;
				CLANG_WARN_BOOL_CONVERSION = YES;
				CLANG_WARN_COMMA = YES;
				CLANG_WARN_CONSTANT_CONVERSION = YES;
				CLANG_WARN_DEPRECATED_OBJC_IMPLEMENTATIONS = YES;
				CLANG_WARN_DIRECT_OBJC_ISA_USAGE = YES_ERROR;
				CLANG_WARN_DOCUMENTATION_COMMENTS = YES;
				CLANG_WARN_EMPTY_BODY = YES;
				CLANG_WARN_ENUM_CONVERSION = YES;
				CLANG_WARN_INFINITE_RECURSION = YES;
				CLANG_WARN_INT_CONVERSION = YES;
				CLANG_WARN_NON_LITERAL_NULL_CONVERSION = YES;
				CLANG_WARN_OBJC_IMPLICIT_RETAIN_SELF = YES;
				CLANG_WARN_OBJC_LITERAL_CONVERSION = YES;
				CLANG_WARN_OBJC_ROOT_CLASS = YES_ERROR;
				CLANG_WARN_RANGE_LOOP_ANALYSIS = YES;
				CLANG_WARN_STRICT_PROTOTYPES = YES;
				CLANG_WARN_SUSPICIOUS_MOVE = YES;
				CLANG_WARN_UNGUARDED_AVAILABILITY = YES_AGGRESSIVE;
				CLANG_WARN_UNREACHABLE_CODE = YES;
				CLANG_WARN__DUPLICATE_METHOD_MATCH = YES;
				COPY_PHASE_STRIP = NO;
				DEBUG_INFORMATION_FORMAT = dwarf;
				ENABLE_STRICT_OBJC_MSGSEND = YES;
				ENABLE_TESTABILITY = YES;
				GCC_C_LANGUAGE_STANDARD = gnu11;
				GCC_DYNAMIC_NO_PIC = NO;
				GCC_NO_COMMON_BLOCKS = YES;
				GCC_OPTIMIZATION_LEVEL = 0;
				GCC_PREPROCESSOR_DEFINITIONS = (
					"DEBUG=1",
					"$(inherited)",
				);
				GCC_WARN_64_TO_32_BIT_CONVERSION = YES;
				GCC_WARN_ABOUT_RETURN_TYPE = YES_ERROR;
				GCC_WARN_UNDECLARED_SELECTOR = YES;
				GCC_WARN_UNINITIALIZED_AUTOS = YES_AGGRESSIVE;
				GCC_WARN_UNUSED_FUNCTION = YES;
				GCC_WARN_UNUSED_VARIABLE = YES;
				IPHONEOS_DEPLOYMENT_TARGET = 13.0;
				MTL_ENABLE_DEBUG_INFO = INCLUDE_SOURCE;
				MTL_FAST_MATH = YES;
				ONLY_ACTIVE_ARCH = YES;
				SDKROOT = iphoneos;
				SWIFT_ACTIVE_COMPILATION_CONDITIONS = DEBUG;
				SWIFT_OPTIMIZATION_LEVEL = "-Onone";
			};
			name = Debug;
		};
		95CB4EC223539D6000A0D815 /* Release */ = {
			isa = XCBuildConfiguration;
			buildSettings = {
				ALWAYS_SEARCH_USER_PATHS = NO;
				CLANG_ANALYZER_NONNULL = YES;
				CLANG_ANALYZER_NUMBER_OBJECT_CONVERSION = YES_AGGRESSIVE;
				CLANG_CXX_LANGUAGE_STANDARD = "gnu++14";
				CLANG_CXX_LIBRARY = "libc++";
				CLANG_ENABLE_MODULES = YES;
				CLANG_ENABLE_OBJC_ARC = YES;
				CLANG_ENABLE_OBJC_WEAK = YES;
				CLANG_WARN_BLOCK_CAPTURE_AUTORELEASING = YES;
				CLANG_WARN_BOOL_CONVERSION = YES;
				CLANG_WARN_COMMA = YES;
				CLANG_WARN_CONSTANT_CONVERSION = YES;
				CLANG_WARN_DEPRECATED_OBJC_IMPLEMENTATIONS = YES;
				CLANG_WARN_DIRECT_OBJC_ISA_USAGE = YES_ERROR;
				CLANG_WARN_DOCUMENTATION_COMMENTS = YES;
				CLANG_WARN_EMPTY_BODY = YES;
				CLANG_WARN_ENUM_CONVERSION = YES;
				CLANG_WARN_INFINITE_RECURSION = YES;
				CLANG_WARN_INT_CONVERSION = YES;
				CLANG_WARN_NON_LITERAL_NULL_CONVERSION = YES;
				CLANG_WARN_OBJC_IMPLICIT_RETAIN_SELF = YES;
				CLANG_WARN_OBJC_LITERAL_CONVERSION = YES;
				CLANG_WARN_OBJC_ROOT_CLASS = YES_ERROR;
				CLANG_WARN_RANGE_LOOP_ANALYSIS = YES;
				CLANG_WARN_STRICT_PROTOTYPES = YES;
				CLANG_WARN_SUSPICIOUS_MOVE = YES;
				CLANG_WARN_UNGUARDED_AVAILABILITY = YES_AGGRESSIVE;
				CLANG_WARN_UNREACHABLE_CODE = YES;
				CLANG_WARN__DUPLICATE_METHOD_MATCH = YES;
				COPY_PHASE_STRIP = NO;
				DEBUG_INFORMATION_FORMAT = "dwarf-with-dsym";
				ENABLE_NS_ASSERTIONS = NO;
				ENABLE_STRICT_OBJC_MSGSEND = YES;
				GCC_C_LANGUAGE_STANDARD = gnu11;
				GCC_NO_COMMON_BLOCKS = YES;
				GCC_WARN_64_TO_32_BIT_CONVERSION = YES;
				GCC_WARN_ABOUT_RETURN_TYPE = YES_ERROR;
				GCC_WARN_UNDECLARED_SELECTOR = YES;
				GCC_WARN_UNINITIALIZED_AUTOS = YES_AGGRESSIVE;
				GCC_WARN_UNUSED_FUNCTION = YES;
				GCC_WARN_UNUSED_VARIABLE = YES;
				IPHONEOS_DEPLOYMENT_TARGET = 13.0;
				MTL_ENABLE_DEBUG_INFO = NO;
				MTL_FAST_MATH = YES;
				SDKROOT = iphoneos;
				SWIFT_COMPILATION_MODE = wholemodule;
				SWIFT_OPTIMIZATION_LEVEL = "-O";
				VALIDATE_PRODUCT = YES;
			};
			name = Release;
		};
		95CB4EC423539D6000A0D815 /* Debug */ = {
			isa = XCBuildConfiguration;
			buildSettings = {
				ASSETCATALOG_COMPILER_APPICON_NAME = AppIcon;
				CODE_SIGN_STYLE = Automatic;
				DEVELOPMENT_ASSET_PATHS = "\"GuessTheFlag/Preview Content\"";
				ENABLE_PREVIEWS = YES;
				INFOPLIST_FILE = GuessTheFlag/Info.plist;
				LD_RUNPATH_SEARCH_PATHS = (
					"$(inherited)",
					"@executable_path/Frameworks",
				);
				PRODUCT_BUNDLE_IDENTIFIER = com.dangdennis.GuessTheFlag;
				PRODUCT_NAME = "$(TARGET_NAME)";
				SWIFT_VERSION = 5.0;
				TARGETED_DEVICE_FAMILY = "1,2";
			};
			name = Debug;
		};
		95CB4EC523539D6000A0D815 /* Release */ = {
			isa = XCBuildConfiguration;
			buildSettings = {
				ASSETCATALOG_COMPILER_APPICON_NAME = AppIcon;
				CODE_SIGN_STYLE = Automatic;
				DEVELOPMENT_ASSET_PATHS = "\"GuessTheFlag/Preview Content\"";
				ENABLE_PREVIEWS = YES;
				INFOPLIST_FILE = GuessTheFlag/Info.plist;
				LD_RUNPATH_SEARCH_PATHS = (
					"$(inherited)",
					"@executable_path/Frameworks",
				);
				PRODUCT_BUNDLE_IDENTIFIER = com.dangdennis.GuessTheFlag;
				PRODUCT_NAME = "$(TARGET_NAME)";
				SWIFT_VERSION = 5.0;
				TARGETED_DEVICE_FAMILY = "1,2";
			};
			name = Release;
		};
		95CB4EC723539D6000A0D815 /* Debug */ = {
			isa = XCBuildConfiguration;
			buildSettings = {
				ALWAYS_EMBED_SWIFT_STANDARD_LIBRARIES = YES;
				BUNDLE_LOADER = "$(TEST_HOST)";
				CODE_SIGN_STYLE = Automatic;
				INFOPLIST_FILE = GuessTheFlagTests/Info.plist;
				IPHONEOS_DEPLOYMENT_TARGET = 13.0;
				LD_RUNPATH_SEARCH_PATHS = (
					"$(inherited)",
					"@executable_path/Frameworks",
					"@loader_path/Frameworks",
				);
				PRODUCT_BUNDLE_IDENTIFIER = com.dangdennis.GuessTheFlagTests;
				PRODUCT_NAME = "$(TARGET_NAME)";
				SWIFT_VERSION = 5.0;
				TARGETED_DEVICE_FAMILY = "1,2";
				TEST_HOST = "$(BUILT_PRODUCTS_DIR)/GuessTheFlag.app/GuessTheFlag";
			};
			name = Debug;
		};
		95CB4EC823539D6000A0D815 /* Release */ = {
			isa = XCBuildConfiguration;
			buildSettings = {
				ALWAYS_EMBED_SWIFT_STANDARD_LIBRARIES = YES;
				BUNDLE_LOADER = "$(TEST_HOST)";
				CODE_SIGN_STYLE = Automatic;
				INFOPLIST_FILE = GuessTheFlagTests/Info.plist;
				IPHONEOS_DEPLOYMENT_TARGET = 13.0;
				LD_RUNPATH_SEARCH_PATHS = (
					"$(inherited)",
					"@executable_path/Frameworks",
					"@loader_path/Frameworks",
				);
				PRODUCT_BUNDLE_IDENTIFIER = com.dangdennis.GuessTheFlagTests;
				PRODUCT_NAME = "$(TARGET_NAME)";
				SWIFT_VERSION = 5.0;
				TARGETED_DEVICE_FAMILY = "1,2";
				TEST_HOST = "$(BUILT_PRODUCTS_DIR)/GuessTheFlag.app/GuessTheFlag";
			};
			name = Release;
		};
		95CB4ECA23539D6000A0D815 /* Debug */ = {
			isa = XCBuildConfiguration;
			buildSettings = {
				ALWAYS_EMBED_SWIFT_STANDARD_LIBRARIES = YES;
				CODE_SIGN_STYLE = Automatic;
				INFOPLIST_FILE = GuessTheFlagUITests/Info.plist;
				LD_RUNPATH_SEARCH_PATHS = (
					"$(inherited)",
					"@executable_path/Frameworks",
					"@loader_path/Frameworks",
				);
				PRODUCT_BUNDLE_IDENTIFIER = com.dangdennis.GuessTheFlagUITests;
				PRODUCT_NAME = "$(TARGET_NAME)";
				SWIFT_VERSION = 5.0;
				TARGETED_DEVICE_FAMILY = "1,2";
				TEST_TARGET_NAME = GuessTheFlag;
			};
			name = Debug;
		};
		95CB4ECB23539D6000A0D815 /* Release */ = {
			isa = XCBuildConfiguration;
			buildSettings = {
				ALWAYS_EMBED_SWIFT_STANDARD_LIBRARIES = YES;
				CODE_SIGN_STYLE = Automatic;
				INFOPLIST_FILE = GuessTheFlagUITests/Info.plist;
				LD_RUNPATH_SEARCH_PATHS = (
					"$(inherited)",
					"@executable_path/Frameworks",
					"@loader_path/Frameworks",
				);
				PRODUCT_BUNDLE_IDENTIFIER = com.dangdennis.GuessTheFlagUITests;
				PRODUCT_NAME = "$(TARGET_NAME)";
				SWIFT_VERSION = 5.0;
				TARGETED_DEVICE_FAMILY = "1,2";
				TEST_TARGET_NAME = GuessTheFlag;
			};
			name = Release;
		};
/* End XCBuildConfiguration section */

/* Begin XCConfigurationList section */
		95CB4E9423539D5E00A0D815 /* Build configuration list for PBXProject "GuessTheFlag" */ = {
			isa = XCConfigurationList;
			buildConfigurations = (
				95CB4EC123539D6000A0D815 /* Debug */,
				95CB4EC223539D6000A0D815 /* Release */,
			);
			defaultConfigurationIsVisible = 0;
			defaultConfigurationName = Release;
		};
		95CB4EC323539D6000A0D815 /* Build configuration list for PBXNativeTarget "GuessTheFlag" */ = {
			isa = XCConfigurationList;
			buildConfigurations = (
				95CB4EC423539D6000A0D815 /* Debug */,
				95CB4EC523539D6000A0D815 /* Release */,
			);
			defaultConfigurationIsVisible = 0;
			defaultConfigurationName = Release;
		};
		95CB4EC623539D6000A0D815 /* Build configuration list for PBXNativeTarget "GuessTheFlagTests" */ = {
			isa = XCConfigurationList;
			buildConfigurations = (
				95CB4EC723539D6000A0D815 /* Debug */,
				95CB4EC823539D6000A0D815 /* Release */,
			);
			defaultConfigurationIsVisible = 0;
			defaultConfigurationName = Release;
		};
		95CB4EC923539D6000A0D815 /* Build configuration list for PBXNativeTarget "GuessTheFlagUITests" */ = {
			isa = XCConfigurationList;
			buildConfigurations = (
				95CB4ECA23539D6000A0D815 /* Debug */,
				95CB4ECB23539D6000A0D815 /* Release */,
			);
			defaultConfigurationIsVisible = 0;
			defaultConfigurationName = Release;
		};
/* End XCConfigurationList section */
	};
	rootObject = 95CB4E9123539D5E00A0D815 /* Project object */;
}
